
Microsoft Visual Studio Solution File, Format Version 12.00
# Visual Studio Version 17
VisualStudioVersion = 17.5.33530.505
MinimumVisualStudioVersion = 10.0.40219.1
Project("{8BC9CEB8-8B4A-11D0-8D11-00A0C91BC942}") = "MinOfMaxOf", "MinOfMaxOf\MinOfMaxOf.vcxproj", "{F7762469-CC64-463A-921E-745E31FDD9FF}"
EndProject
Project("{8BC9CEB8-8B4A-11D0-8D11-00A0C91BC942}") = "IndexOf", "IndexOf\IndexOf.vcxproj", "{B9459FDD-D989-4E39-9FDA-58760158E4C2}"
EndProject
Project("{8BC9CEB8-8B4A-11D0-8D11-00A0C91BC942}") = "VectorDotProduct", "VectorDotProduct\VectorDotProduct.vcxproj", "{731EECDC-1920-42B9-9845-5A5465081FA4}"
EndProject
Project("{8BC9CEB8-8B4A-11D0-8D11-00A0C91BC942}") = "ArraySummation", "ArraySummation\ArraySummation.vcxproj", "{19987281-CACF-4E12-86AE-58F051F57988}"
EndProject
Project("{8BC9CEB8-8B4A-11D0-8D11-00A0C91BC942}") = "ArrayDispersion", "ArrayDispersion\ArrayDispersion.vcxproj", "{9CF8BF23-E14B-4CEB-BCD8-45E2EFA1A7A3}"
EndProject
Project("{8BC9CEB8-8B4A-11D0-8D11-00A0C91BC942}") = "ArrayCovariance", "ArrayCovariance\ArrayCovariance.vcxproj", "{1735C220-A93B-4123-80D2-3EDAD5133A75}"
EndProject
Project("{8BC9CEB8-8B4A-11D0-8D11-00A0C91BC942}") = "ArrayCorrelationCoefficient", "ArrayCorrelationCoefficient\ArrayCorrelationCoefficient.vcxproj", "{E54A0B5C-8715-4D38-B543-DAF14CE9062C}"
EndProject
Global
	GlobalSection(SolutionConfigurationPlatforms) = preSolution
		Debug|x64 = Debug|x64
		Debug|x86 = Debug|x86
		Release|x64 = Release|x64
		Release|x86 = Release|x86
	EndGlobalSection
	GlobalSection(ProjectConfigurationPlatforms) = postSolution
		{F7762469-CC64-463A-921E-745E31FDD9FF}.Debug|x64.ActiveCfg = Debug|x64
		{F7762469-CC64-463A-921E-745E31FDD9FF}.Debug|x64.Build.0 = Debug|x64
		{F7762469-CC64-463A-921E-745E31FDD9FF}.Debug|x86.ActiveCfg = Debug|Win32
		{F7762469-CC64-463A-921E-745E31FDD9FF}.Debug|x86.Build.0 = Debug|Win32
		{F7762469-CC64-463A-921E-745E31FDD9FF}.Release|x64.ActiveCfg = Release|x64
		{F7762469-CC64-463A-921E-745E31FDD9FF}.Release|x64.Build.0 = Release|x64
		{F7762469-CC64-463A-921E-745E31FDD9FF}.Release|x86.ActiveCfg = Release|Win32
		{F7762469-CC64-463A-921E-745E31FDD9FF}.Release|x86.Build.0 = Release|Win32
		{B9459FDD-D989-4E39-9FDA-58760158E4C2}.Debug|x64.ActiveCfg = Debug|x64
		{B9459FDD-D989-4E39-9FDA-58760158E4C2}.Debug|x64.Build.0 = Debug|x64
		{B9459FDD-D989-4E39-9FDA-58760158E4C2}.Debug|x86.ActiveCfg = Debug|Win32
		{B9459FDD-D989-4E39-9FDA-58760158E4C2}.Debug|x86.Build.0 = Debug|Win32
		{B9459FDD-D989-4E39-9FDA-58760158E4C2}.Release|x64.ActiveCfg = Release|x64
		{B9459FDD-D989-4E39-9FDA-58760158E4C2}.Release|x64.Build.0 = Release|x64
		{B9459FDD-D989-4E39-9FDA-58760158E4C2}.Release|x86.ActiveCfg = Release|Win32
		{B9459FDD-D989-4E39-9FDA-58760158E4C2}.Release|x86.Build.0 = Release|Win32
		{731EECDC-1920-42B9-9845-5A5465081FA4}.Debug|x64.ActiveCfg = Debug|x64
		{731EECDC-1920-42B9-9845-5A5465081FA4}.Debug|x64.Build.0 = Debug|x64
		{731EECDC-1920-42B9-9845-5A5465081FA4}.Debug|x86.ActiveCfg = Debug|Win32
		{731EECDC-1920-42B9-9845-5A5465081FA4}.Debug|x86.Build.0 = Debug|Win32
		{731EECDC-1920-42B9-9845-5A5465081FA4}.Release|x64.ActiveCfg = Release|x64
		{731EECDC-1920-42B9-9845-5A5465081FA4}.Release|x64.Build.0 = Release|x64
		{731EECDC-1920-42B9-9845-5A5465081FA4}.Release|x86.ActiveCfg = Release|Win32
		{731EECDC-1920-42B9-9845-5A5465081FA4}.Release|x86.Build.0 = Release|Win32
		{19987281-CACF-4E12-86AE-58F051F57988}.Debug|x64.ActiveCfg = Debug|x64
		{19987281-CACF-4E12-86AE-58F051F57988}.Debug|x64.Build.0 = Debug|x64
		{19987281-CACF-4E12-86AE-58F051F57988}.Debug|x86.ActiveCfg = Debug|Win32
		{19987281-CACF-4E12-86AE-58F051F57988}.Debug|x86.Build.0 = Debug|Win32
		{19987281-CACF-4E12-86AE-58F051F57988}.Release|x64.ActiveCfg = Release|x64
		{19987281-CACF-4E12-86AE-58F051F57988}.Release|x64.Build.0 = Release|x64
		{19987281-CACF-4E12-86AE-58F051F57988}.Release|x86.ActiveCfg = Release|Win32
		{19987281-CACF-4E12-86AE-58F051F57988}.Release|x86.Build.0 = Release|Win32
		{9CF8BF23-E14B-4CEB-BCD8-45E2EFA1A7A3}.Debug|x64.ActiveCfg = Debug|x64
		{9CF8BF23-E14B-4CEB-BCD8-45E2EFA1A7A3}.Debug|x64.Build.0 = Debug|x64
		{9CF8BF23-E14B-4CEB-BCD8-45E2EFA1A7A3}.Debug|x86.ActiveCfg = Debug|Win32
		{9CF8BF23-E14B-4CEB-BCD8-45E2EFA1A7A3}.Debug|x86.Build.0 = Debug|Win32
		{9CF8BF23-E14B-4CEB-BCD8-45E2EFA1A7A3}.Release|x64.ActiveCfg = Release|x64
		{9CF8BF23-E14B-4CEB-BCD8-45E2EFA1A7A3}.Release|x64.Build.0 = Release|x64
		{9CF8BF23-E14B-4CEB-BCD8-45E2EFA1A7A3}.Release|x86.ActiveCfg = Release|Win32
		{9CF8BF23-E14B-4CEB-BCD8-45E2EFA1A7A3}.Release|x86.Build.0 = Release|Win32
		{1735C220-A93B-4123-80D2-3EDAD5133A75}.Debug|x64.ActiveCfg = Debug|x64
		{1735C220-A93B-4123-80D2-3EDAD5133A75}.Debug|x64.Build.0 = Debug|x64
		{1735C220-A93B-4123-80D2-3EDAD5133A75}.Debug|x86.ActiveCfg = Debug|Win32
		{1735C220-A93B-4123-80D2-3EDAD5133A75}.Debug|x86.Build.0 = Debug|Win32
		{1735C220-A93B-4123-80D2-3EDAD5133A75}.Release|x64.ActiveCfg = Release|x64
		{1735C220-A93B-4123-80D2-3EDAD5133A75}.Release|x64.Build.0 = Release|x64
		{1735C220-A93B-4123-80D2-3EDAD5133A75}.Release|x86.ActiveCfg = Release|Win32
		{1735C220-A93B-4123-80D2-3EDAD5133A75}.Release|x86.Build.0 = Release|Win32
		{E54A0B5C-8715-4D38-B543-DAF14CE9062C}.Debug|x64.ActiveCfg = Debug|x64
		{E54A0B5C-8715-4D38-B543-DAF14CE9062C}.Debug|x64.Build.0 = Debug|x64
		{E54A0B5C-8715-4D38-B543-DAF14CE9062C}.Debug|x86.ActiveCfg = Debug|Win32
		{E54A0B5C-8715-4D38-B543-DAF14CE9062C}.Debug|x86.Build.0 = Debug|Win32
		{E54A0B5C-8715-4D38-B543-DAF14CE9062C}.Release|x64.ActiveCfg = Release|x64
		{E54A0B5C-8715-4D38-B543-DAF14CE9062C}.Release|x64.Build.0 = Release|x64
		{E54A0B5C-8715-4D38-B543-DAF14CE9062C}.Release|x86.ActiveCfg = Release|Win32
		{E54A0B5C-8715-4D38-B543-DAF14CE9062C}.Release|x86.Build.0 = Release|Win32
	EndGlobalSection
	GlobalSection(SolutionProperties) = preSolution
		HideSolutionNode = FALSE
	EndGlobalSection
	GlobalSection(ExtensibilityGlobals) = postSolution
		SolutionGuid = {84E5A0F9-9B03-4616-8C90-5C5E8A3E48AE}
	EndGlobalSection
EndGlobal
